
Microsoft Visual Studio Solution File, Format Version 12.00
# Visual Studio Version 16
VisualStudioVersion = 16.0.30104.148
MinimumVisualStudioVersion = 10.0.40219.1
Project("{FAE04EC0-301F-11D3-BF4B-00C04F79EFBC}") = "week05", "week05.csproj", "{29FA471A-0CD5-4F7F-B581-F2465B9A57A3}"
EndProject
Global
	GlobalSection(SolutionConfigurationPlatforms) = preSolution
		Debug|Any CPU = Debug|Any CPU
		Release|Any CPU = Release|Any CPU
	EndGlobalSection
	GlobalSection(ProjectConfigurationPlatforms) = postSolution
		{29FA471A-0CD5-4F7F-B581-F2465B9A57A3}.Debug|Any CPU.ActiveCfg = Debug|Any CPU
		{29FA471A-0CD5-4F7F-B581-F2465B9A57A3}.Debug|Any CPU.Build.0 = Debug|Any CPU
		{29FA471A-0CD5-4F7F-B581-F2465B9A57A3}.Release|Any CPU.ActiveCfg = Release|Any CPU
		{29FA471A-0CD5-4F7F-B581-F2465B9A57A3}.Release|Any CPU.Build.0 = Release|Any CPU
	EndGlobalSection
	GlobalSection(SolutionProperties) = preSolution
		HideSolutionNode = FALSE
	EndGlobalSection
	GlobalSection(ExtensibilityGlobals) = postSolution
		SolutionGuid = {FC2C8C42-5361-46BC-9932-1BBD6FD66E9B}
	EndGlobalSection
EndGlobal
