
Microsoft Visual Studio Solution File, Format Version 12.00
# Visual Studio Version 16
VisualStudioVersion = 16.0.30104.148
MinimumVisualStudioVersion = 10.0.40219.1
Project("{FAE04EC0-301F-11D3-BF4B-00C04F79EFBC}") = "UserMaintenance.sln", "UserMaintenance.sln.csproj", "{3333F6C1-7530-4542-8351-7084257CBACA}"
EndProject
Global
	GlobalSection(SolutionConfigurationPlatforms) = preSolution
		Debug|Any CPU = Debug|Any CPU
		Release|Any CPU = Release|Any CPU
	EndGlobalSection
	GlobalSection(ProjectConfigurationPlatforms) = postSolution
		{3333F6C1-7530-4542-8351-7084257CBACA}.Debug|Any CPU.ActiveCfg = Debug|Any CPU
		{3333F6C1-7530-4542-8351-7084257CBACA}.Debug|Any CPU.Build.0 = Debug|Any CPU
		{3333F6C1-7530-4542-8351-7084257CBACA}.Release|Any CPU.ActiveCfg = Release|Any CPU
		{3333F6C1-7530-4542-8351-7084257CBACA}.Release|Any CPU.Build.0 = Release|Any CPU
	EndGlobalSection
	GlobalSection(SolutionProperties) = preSolution
		HideSolutionNode = FALSE
	EndGlobalSection
	GlobalSection(ExtensibilityGlobals) = postSolution
		SolutionGuid = {126155B6-0535-44F8-AD5B-A0FC50E56884}
	EndGlobalSection
EndGlobal
