
Microsoft Visual Studio Solution File, Format Version 12.00
# Visual Studio Version 16
VisualStudioVersion = 16.0.30104.148
MinimumVisualStudioVersion = 10.0.40219.1
Project("{FAE04EC0-301F-11D3-BF4B-00C04F79EFBC}") = "week07", "week07.csproj", "{BEB29342-5DDB-4A90-9356-FB26A5F53C87}"
EndProject
Global
	GlobalSection(SolutionConfigurationPlatforms) = preSolution
		Debug|Any CPU = Debug|Any CPU
		Release|Any CPU = Release|Any CPU
	EndGlobalSection
	GlobalSection(ProjectConfigurationPlatforms) = postSolution
		{BEB29342-5DDB-4A90-9356-FB26A5F53C87}.Debug|Any CPU.ActiveCfg = Debug|Any CPU
		{BEB29342-5DDB-4A90-9356-FB26A5F53C87}.Debug|Any CPU.Build.0 = Debug|Any CPU
		{BEB29342-5DDB-4A90-9356-FB26A5F53C87}.Release|Any CPU.ActiveCfg = Release|Any CPU
		{BEB29342-5DDB-4A90-9356-FB26A5F53C87}.Release|Any CPU.Build.0 = Release|Any CPU
	EndGlobalSection
	GlobalSection(SolutionProperties) = preSolution
		HideSolutionNode = FALSE
	EndGlobalSection
	GlobalSection(ExtensibilityGlobals) = postSolution
		SolutionGuid = {0E734187-3C1D-437D-B0C8-FE887315FDCF}
	EndGlobalSection
EndGlobal
